lockfileVersion: '9.0'

settings:
  autoInstallPeers: true
  excludeLinksFromLockfile: false

importers:

  .:
    dependencies:
      chessground:
        specifier: ^9.1.1
        version: 9.1.1

packages:

  chessground@9.1.1:
    resolution: {integrity: sha512-X4xrBICrixaLATCn+jGEzk58UXcas+9QqJnwVq9nT7AaX2M1CJLMA0vC7noG0s6Tr2zoAHZ1FOviE5b05MgduQ==}

snapshots:

  chessground@9.1.1: {}
